// !$*UTF8*$!
{
	archiveVersion = 1;
	classes = {
	};
	objectVersion = 56;
	objects = {

/* Begin PBXBuildFile section */
		DAD70D522C4BDDF400E9B457 /* UnitTestsOnCIApp.swift in Sources */ = {isa = PBXBuildFile; fileRef = DAD70D512C4BDDF400E9B457 /* UnitTestsOnCIApp.swift */; };
		DAD70D542C4BDDF400E9B457 /* ContentView.swift in Sources */ = {isa = PBXBuildFile; fileRef = DAD70D532C4BDDF400E9B457 /* ContentView.swift */; };
		DAD70D562C4BDDF400E9B457 /* Assets.xcassets in Resources */ = {isa = PBXBuildFile; fileRef = DAD70D552C4BDDF400E9B457 /* Assets.xcassets */; };
		DAD70D592C4BDDF400E9B457 /* Preview Assets.xcassets in Resources */ = {isa = PBXBuildFile; fileRef = DAD70D582C4BDDF400E9B457 /* Preview Assets.xcassets */; };
		DAD70D632C4BDDF500E9B457 /* UnitTestsOnCITests.swift in Sources */ = {isa = PBXBuildFile; fileRef = DAD70D622C4BDDF500E9B457 /* UnitTestsOnCITests.swift */; };
/* End PBXBuildFile section */

/* Begin PBXContainerItemProxy section */
		DAD70D5F2C4BDDF500E9B457 /* PBXContainerItemProxy */ = {
			isa = PBXContainerItemProxy;
			containerPortal = DAD70D462C4BDDF400E9B457 /* Project object */;
			proxyType = 1;
			remoteGlobalIDString = DAD70D4D2C4BDDF400E9B457;
			remoteInfo = UnitTestsOnCI;
		};
/* End PBXContainerItemProxy section */

/* Begin PBXFileReference section */
		DAD70D4E2C4BDDF400E9B457 /* UnitTestsOnCI.app */ = {isa = PBXFileReference; explicitFileType = wrapper.application; includeInIndex = 0; path = UnitTestsOnCI.app; sourceTree = BUILT_PRODUCTS_DIR; };
		DAD70D512C4BDDF400E9B457 /* UnitTestsOnCIApp.swift */ = {isa = PBXFileReference; lastKnownFileType = sourcecode.swift; path = UnitTestsOnCIApp.swift; sourceTree = "<group>"; };
		DAD70D532C4BDDF400E9B457 /* ContentView.swift */ = {isa = PBXFileReference; lastKnownFileType = sourcecode.swift; path = ContentView.swift; sourceTree = "<group>"; };
		DAD70D552C4BDDF400E9B457 /* Assets.xcassets */ = {isa = PBXFileReference; lastKnownFileType = folder.assetcatalog; path = Assets.xcassets; sourceTree = "<group>"; };
		DAD70D582C4BDDF400E9B457 /* Preview Assets.xcassets */ = {isa = PBXFileReference; lastKnownFileType = folder.assetcatalog; path = "Preview Assets.xcassets"; sourceTree = "<group>"; };
		DAD70D5E2C4BDDF500E9B457 /* UnitTestsOnCITests.xctest */ = {isa = PBXFileReference; explicitFileType = wrapper.cfbundle; includeInIndex = 0; path = UnitTestsOnCITests.xctest; sourceTree = BUILT_PRODUCTS_DIR; };
		DAD70D622C4BDDF500E9B457 /* UnitTestsOnCITests.swift */ = {isa = PBXFileReference; lastKnownFileType = sourcecode.swift; path = UnitTestsOnCITests.swift; sourceTree = "<group>"; };
/* End PBXFileReference section */

/* Begin PBXFrameworksBuildPhase section */
		DAD70D4B2C4BDDF400E9B457 /* Frameworks */ = {
			isa = PBXFrameworksBuildPhase;
			buildActionMask = 2147483647;
			files = (
			);
			runOnlyForDeploymentPostprocessing = 0;
		};
		DAD70D5B2C4BDDF500E9B457 /* Frameworks */ = {
			isa = PBXFrameworksBuildPhase;
			buildActionMask = 2147483647;
			files = (
			);
			runOnlyForDeploymentPostprocessing = 0;
		};
/* End PBXFrameworksBuildPhase section */

/* Begin PBXGroup section */
		DAD70D452C4BDDF400E9B457 = {
			isa = PBXGroup;
			children = (
				DAD70D502C4BDDF400E9B457 /* UnitTestsOnCI */,
				DAD70D612C4BDDF500E9B457 /* UnitTestsOnCITests */,
				DAD70D4F2C4BDDF400E9B457 /* Products */,
			);
			sourceTree = "<group>";
		};
		DAD70D4F2C4BDDF400E9B457 /* Products */ = {
			isa = PBXGroup;
			children = (
				DAD70D4E2C4BDDF400E9B457 /* UnitTestsOnCI.app */,
				DAD70D5E2C4BDDF500E9B457 /* UnitTestsOnCITests.xctest */,
			);
			name = Products;
			sourceTree = "<group>";
		};
		DAD70D502C4BDDF400E9B457 /* UnitTestsOnCI */ = {
			isa = PBXGroup;
			children = (
				DAD70D512C4BDDF400E9B457 /* UnitTestsOnCIApp.swift */,
				DAD70D532C4BDDF400E9B457 /* ContentView.swift */,
				DAD70D552C4BDDF400E9B457 /* Assets.xcassets */,
				DAD70D572C4BDDF400E9B457 /* Preview Content */,
			);
			path = UnitTestsOnCI;
			sourceTree = "<group>";
		};
		DAD70D572C4BDDF400E9B457 /* Preview Content */ = {
			isa = PBXGroup;
			children = (
				DAD70D582C4BDDF400E9B457 /* Preview Assets.xcassets */,
			);
			path = "Preview Content";
			sourceTree = "<group>";
		};
		DAD70D612C4BDDF500E9B457 /* UnitTestsOnCITests */ = {
			isa = PBXGroup;
			children = (
				DAD70D622C4BDDF500E9B457 /* UnitTestsOnCITests.swift */,
			);
			path = UnitTestsOnCITests;
			sourceTree = "<group>";
		};
/* End PBXGroup section */

/* Begin PBXNativeTarget section */
		DAD70D4D2C4BDDF400E9B457 /* UnitTestsOnCI */ = {
			isa = PBXNativeTarget;
			buildConfigurationList = DAD70D722C4BDDF500E9B457 /* Build configuration list for PBXNativeTarget "UnitTestsOnCI" */;
			buildPhases = (
				DAD70D4A2C4BDDF400E9B457 /* Sources */,
				DAD70D4B2C4BDDF400E9B457 /* Frameworks */,
				DAD70D4C2C4BDDF400E9B457 /* Resources */,
			);
			buildRules = (
			);
			dependencies = (
			);
			name = UnitTestsOnCI;
			productName = UnitTestsOnCI;
			productReference = DAD70D4E2C4BDDF400E9B457 /* UnitTestsOnCI.app */;
			productType = "com.apple.product-type.application";
		};
		DAD70D5D2C4BDDF500E9B457 /* UnitTestsOnCITests */ = {
			isa = PBXNativeTarget;
			buildConfigurationList = DAD70D752C4BDDF500E9B457 /* Build configuration list for PBXNativeTarget "UnitTestsOnCITests" */;
			buildPhases = (
				DAD70D5A2C4BDDF500E9B457 /* Sources */,
				DAD70D5B2C4BDDF500E9B457 /* Frameworks */,
				DAD70D5C2C4BDDF500E9B457 /* Resources */,
			);
			buildRules = (
			);
			dependencies = (
				DAD70D602C4BDDF500E9B457 /* PBXTargetDependency */,
			);
			name = UnitTestsOnCITests;
			productName = UnitTestsOnCITests;
			productReference = DAD70D5E2C4BDDF500E9B457 /* UnitTestsOnCITests.xctest */;
			productType = "com.apple.product-type.bundle.unit-test";
		};
/* End PBXNativeTarget section */

/* Begin PBXProject section */
		DAD70D462C4BDDF400E9B457 /* Project object */ = {
			isa = PBXProject;
			attributes = {
				BuildIndependentTargetsInParallel = 1;
				LastSwiftUpdateCheck = 1540;
				LastUpgradeCheck = 1540;
				TargetAttributes = {
					DAD70D4D2C4BDDF400E9B457 = {
						CreatedOnToolsVersion = 15.4;
					};
					DAD70D5D2C4BDDF500E9B457 = {
						CreatedOnToolsVersion = 15.4;
						TestTargetID = DAD70D4D2C4BDDF400E9B457;
					};
				};
			};
			buildConfigurationList = DAD70D492C4BDDF400E9B457 /* Build configuration list for PBXProject "UnitTestsOnCI" */;
			compatibilityVersion = "Xcode 14.0";
			developmentRegion = en;
			hasScannedForEncodings = 0;
			knownRegions = (
				en,
				Base,
			);
			mainGroup = DAD70D452C4BDDF400E9B457;
			productRefGroup = DAD70D4F2C4BDDF400E9B457 /* Products */;
			projectDirPath = "";
			projectRoot = "";
			targets = (
				DAD70D4D2C4BDDF400E9B457 /* UnitTestsOnCI */,
				DAD70D5D2C4BDDF500E9B457 /* UnitTestsOnCITests */,
			);
		};
/* End PBXProject section */

/* Begin PBXResourcesBuildPhase section */
		DAD70D4C2C4BDDF400E9B457 /* Resources */ = {
			isa = PBXResourcesBuildPhase;
			buildActionMask = 2147483647;
			files = (
				DAD70D592C4BDDF400E9B457 /* Preview Assets.xcassets in Resources */,
				DAD70D562C4BDDF400E9B457 /* Assets.xcassets in Resources */,
			);
			runOnlyForDeploymentPostprocessing = 0;
		};
		DAD70D5C2C4BDDF500E9B457 /* Resources */ = {
			isa = PBXResourcesBuildPhase;
			buildActionMask = 2147483647;
			files = (
			);
			runOnlyForDeploymentPostprocessing = 0;
		};
/* End PBXResourcesBuildPhase section */

/* Begin PBXSourcesBuildPhase section */
		DAD70D4A2C4BDDF400E9B457 /* Sources */ = {
			isa = PBXSourcesBuildPhase;
			buildActionMask = 2147483647;
			files = (
				DAD70D542C4BDDF400E9B457 /* ContentView.swift in Sources */,
				DAD70D522C4BDDF400E9B457 /* UnitTestsOnCIApp.swift in Sources */,
			);
			runOnlyForDeploymentPostprocessing = 0;
		};
		DAD70D5A2C4BDDF500E9B457 /* Sources */ = {
			isa = PBXSourcesBuildPhase;
			buildActionMask = 2147483647;
			files = (
				DAD70D632C4BDDF500E9B457 /* UnitTestsOnCITests.swift in Sources */,
			);
			runOnlyForDeploymentPostprocessing = 0;
		};
/* End PBXSourcesBuildPhase section */

/* Begin PBXTargetDependency section */
		DAD70D602C4BDDF500E9B457 /* PBXTargetDependency */ = {
			isa = PBXTargetDependency;
			target = DAD70D4D2C4BDDF400E9B457 /* UnitTestsOnCI */;
			targetProxy = DAD70D5F2C4BDDF500E9B457 /* PBXContainerItemProxy */;
		};
/* End PBXTargetDependency section */

/* Begin XCBuildConfiguration section */
		DAD70D702C4BDDF500E9B457 /* Debug */ = {
			isa = XCBuildConfiguration;
			buildSettings = {
				ALWAYS_SEARCH_USER_PATHS = NO;
				ASSETCATALOG_COMPILER_GENERATE_SWIFT_ASSET_SYMBOL_EXTENSIONS = YES;
				CLANG_ANALYZER_NONNULL = YES;
				CLANG_ANALYZER_NUMBER_OBJECT_CONVERSION = YES_AGGRESSIVE;
				CLANG_CXX_LANGUAGE_STANDARD = "gnu++20";
				CLANG_ENABLE_MODULES = YES;
				CLANG_ENABLE_OBJC_ARC = YES;
				CLANG_ENABLE_OBJC_WEAK = YES;
				CLANG_WARN_BLOCK_CAPTURE_AUTORELEASING = YES;
				CLANG_WARN_BOOL_CONVERSION = YES;
				CLANG_WARN_COMMA = YES;
				CLANG_WARN_CONSTANT_CONVERSION = YES;
				CLANG_WARN_DEPRECATED_OBJC_IMPLEMENTATIONS = YES;
				CLANG_WARN_DIRECT_OBJC_ISA_USAGE = YES_ERROR;
				CLANG_WARN_DOCUMENTATION_COMMENTS = YES;
				CLANG_WARN_EMPTY_BODY = YES;
				CLANG_WARN_ENUM_CONVERSION = YES;
				CLANG_WARN_INFINITE_RECURSION = YES;
				CLANG_WARN_INT_CONVERSION = YES;
				CLANG_WARN_NON_LITERAL_NULL_CONVERSION = YES;
				CLANG_WARN_OBJC_IMPLICIT_RETAIN_SELF = YES;
				CLANG_WARN_OBJC_LITERAL_CONVERSION = YES;
				CLANG_WARN_OBJC_ROOT_CLASS = YES_ERROR;
				CLANG_WARN_QUOTED_INCLUDE_IN_FRAMEWORK_HEADER = YES;
				CLANG_WARN_RANGE_LOOP_ANALYSIS = YES;
				CLANG_WARN_STRICT_PROTOTYPES = YES;
				CLANG_WARN_SUSPICIOUS_MOVE = YES;
				CLANG_WARN_UNGUARDED_AVAILABILITY = YES_AGGRESSIVE;
				CLANG_WARN_UNREACHABLE_CODE = YES;
				CLANG_WARN__DUPLICATE_METHOD_MATCH = YES;
				COPY_PHASE_STRIP = NO;
				DEBUG_INFORMATION_FORMAT = dwarf;
				ENABLE_STRICT_OBJC_MSGSEND = YES;
				ENABLE_TESTABILITY = YES;
				ENABLE_USER_SCRIPT_SANDBOXING = YES;
				GCC_C_LANGUAGE_STANDARD = gnu17;
				GCC_DYNAMIC_NO_PIC = NO;
				GCC_NO_COMMON_BLOCKS = YES;
				GCC_OPTIMIZATION_LEVEL = 0;
				GCC_PREPROCESSOR_DEFINITIONS = (
					"DEBUG=1",
					"$(inherited)",
				);
				GCC_WARN_64_TO_32_BIT_CONVERSION = YES;
				GCC_WARN_ABOUT_RETURN_TYPE = YES_ERROR;
				GCC_WARN_UNDECLARED_SELECTOR = YES;
				GCC_WARN_UNINITIALIZED_AUTOS = YES_AGGRESSIVE;
				GCC_WARN_UNUSED_FUNCTION = YES;
				GCC_WARN_UNUSED_VARIABLE = YES;
				IPHONEOS_DEPLOYMENT_TARGET = 16.0;
				LOCALIZATION_PREFERS_STRING_CATALOGS = YES;
				MTL_ENABLE_DEBUG_INFO = INCLUDE_SOURCE;
				MTL_FAST_MATH = YES;
				ONLY_ACTIVE_ARCH = YES;
				SDKROOT = iphoneos;
				SWIFT_ACTIVE_COMPILATION_CONDITIONS = "DEBUG $(inherited)";
				SWIFT_OPTIMIZATION_LEVEL = "-Onone";
			};
			name = Debug;
		};
		DAD70D712C4BDDF500E9B457 /* Release */ = {
			isa = XCBuildConfiguration;
			buildSettings = {
				ALWAYS_SEARCH_USER_PATHS = NO;
				ASSETCATALOG_COMPILER_GENERATE_SWIFT_ASSET_SYMBOL_EXTENSIONS = YES;
				CLANG_ANALYZER_NONNULL = YES;
				CLANG_ANALYZER_NUMBER_OBJECT_CONVERSION = YES_AGGRESSIVE;
				CLANG_CXX_LANGUAGE_STANDARD = "gnu++20";
				CLANG_ENABLE_MODULES = YES;
				CLANG_ENABLE_OBJC_ARC = YES;
				CLANG_ENABLE_OBJC_WEAK = YES;
				CLANG_WARN_BLOCK_CAPTURE_AUTORELEASING = YES;
				CLANG_WARN_BOOL_CONVERSION = YES;
				CLANG_WARN_COMMA = YES;
				CLANG_WARN_CONSTANT_CONVERSION = YES;
				CLANG_WARN_DEPRECATED_OBJC_IMPLEMENTATIONS = YES;
				CLANG_WARN_DIRECT_OBJC_ISA_USAGE = YES_ERROR;
				CLANG_WARN_DOCUMENTATION_COMMENTS = YES;
				CLANG_WARN_EMPTY_BODY = YES;
				CLANG_WARN_ENUM_CONVERSION = YES;
				CLANG_WARN_INFINITE_RECURSION = YES;
				CLANG_WARN_INT_CONVERSION = YES;
				CLANG_WARN_NON_LITERAL_NULL_CONVERSION = YES;
				CLANG_WARN_OBJC_IMPLICIT_RETAIN_SELF = YES;
				CLANG_WARN_OBJC_LITERAL_CONVERSION = YES;
				CLANG_WARN_OBJC_ROOT_CLASS = YES_ERROR;
				CLANG_WARN_QUOTED_INCLUDE_IN_FRAMEWORK_HEADER = YES;
				CLANG_WARN_RANGE_LOOP_ANALYSIS = YES;
				CLANG_WARN_STRICT_PROTOTYPES = YES;
				CLANG_WARN_SUSPICIOUS_MOVE = YES;
				CLANG_WARN_UNGUARDED_AVAILABILITY = YES_AGGRESSIVE;
				CLANG_WARN_UNREACHABLE_CODE = YES;
				CLANG_WARN__DUPLICATE_METHOD_MATCH = YES;
				COPY_PHASE_STRIP = NO;
				DEBUG_INFORMATION_FORMAT = "dwarf-with-dsym";
				ENABLE_NS_ASSERTIONS = NO;
				ENABLE_STRICT_OBJC_MSGSEND = YES;
				ENABLE_USER_SCRIPT_SANDBOXING = YES;
				GCC_C_LANGUAGE_STANDARD = gnu17;
				GCC_NO_COMMON_BLOCKS = YES;
				GCC_WARN_64_TO_32_BIT_CONVERSION = YES;
				GCC_WARN_ABOUT_RETURN_TYPE = YES_ERROR;
				GCC_WARN_UNDECLARED_SELECTOR = YES;
				GCC_WARN_UNINITIALIZED_AUTOS = YES_AGGRESSIVE;
				GCC_WARN_UNUSED_FUNCTION = YES;
				GCC_WARN_UNUSED_VARIABLE = YES;
				IPHONEOS_DEPLOYMENT_TARGET = 16.0;
				LOCALIZATION_PREFERS_STRING_CATALOGS = YES;
				MTL_ENABLE_DEBUG_INFO = NO;
				MTL_FAST_MATH = YES;
				SDKROOT = iphoneos;
				SWIFT_COMPILATION_MODE = wholemodule;
				VALIDATE_PRODUCT = YES;
			};
			name = Release;
		};
		DAD70D732C4BDDF500E9B457 /* Debug */ = {
			isa = XCBuildConfiguration;
			buildSettings = {
				ASSETCATALOG_COMPILER_APPICON_NAME = AppIcon;
				ASSETCATALOG_COMPILER_GLOBAL_ACCENT_COLOR_NAME = AccentColor;
				CODE_SIGN_STYLE = Automatic;
				CURRENT_PROJECT_VERSION = 1;
				DEVELOPMENT_ASSET_PATHS = "\"UnitTestsOnCI/Preview Content\"";
				DEVELOPMENT_TEAM = 8AG5PV5JZM;
				ENABLE_PREVIEWS = YES;
				GENERATE_INFOPLIST_FILE = YES;
				INFOPLIST_KEY_UIApplicationSceneManifest_Generation = YES;
				INFOPLIST_KEY_UIApplicationSupportsIndirectInputEvents = YES;
				INFOPLIST_KEY_UILaunchScreen_Generation = YES;
				INFOPLIST_KEY_UISupportedInterfaceOrientations_iPad = "UIInterfaceOrientationPortrait UIInterfaceOrientationPortraitUpsideDown UIInterfaceOrientationLandscapeLeft UIInterfaceOrientationLandscapeRight";
				INFOPLIST_KEY_UISupportedInterfaceOrientations_iPhone = "UIInterfaceOrientationPortrait UIInterfaceOrientationLandscapeLeft UIInterfaceOrientationLandscapeRight";
				LD_RUNPATH_SEARCH_PATHS = (
					"$(inherited)",
					"@executable_path/Frameworks",
				);
				MARKETING_VERSION = 1.0;
				PRODUCT_BUNDLE_IDENTIFIER = com.github.droibit.UnitTestsOnCI;
				PRODUCT_NAME = "$(TARGET_NAME)";
				SWIFT_EMIT_LOC_STRINGS = YES;
				SWIFT_VERSION = 5.0;
				TARGETED_DEVICE_FAMILY = "1,2";
			};
			name = Debug;
		};
		DAD70D742C4BDDF500E9B457 /* Release */ = {
			isa = XCBuildConfiguration;
			buildSettings = {
				ASSETCATALOG_COMPILER_APPICON_NAME = AppIcon;
				ASSETCATALOG_COMPILER_GLOBAL_ACCENT_COLOR_NAME = AccentColor;
				CODE_SIGN_STYLE = Automatic;
				CURRENT_PROJECT_VERSION = 1;
				DEVELOPMENT_ASSET_PATHS = "\"UnitTestsOnCI/Preview Content\"";
				DEVELOPMENT_TEAM = 8AG5PV5JZM;
				ENABLE_PREVIEWS = YES;
				GENERATE_INFOPLIST_FILE = YES;
				INFOPLIST_KEY_UIApplicationSceneManifest_Generation = YES;
				INFOPLIST_KEY_UIApplicationSupportsIndirectInputEvents = YES;
				INFOPLIST_KEY_UILaunchScreen_Generation = YES;
				INFOPLIST_KEY_UISupportedInterfaceOrientations_iPad = "UIInterfaceOrientationPortrait UIInterfaceOrientationPortraitUpsideDown UIInterfaceOrientationLandscapeLeft UIInterfaceOrientationLandscapeRight";
				INFOPLIST_KEY_UISupportedInterfaceOrientations_iPhone = "UIInterfaceOrientationPortrait UIInterfaceOrientationLandscapeLeft UIInterfaceOrientationLandscapeRight";
				LD_RUNPATH_SEARCH_PATHS = (
					"$(inherited)",
					"@executable_path/Frameworks",
				);
				MARKETING_VERSION = 1.0;
				PRODUCT_BUNDLE_IDENTIFIER = com.github.droibit.UnitTestsOnCI;
				PRODUCT_NAME = "$(TARGET_NAME)";
				SWIFT_EMIT_LOC_STRINGS = YES;
				SWIFT_VERSION = 5.0;
				TARGETED_DEVICE_FAMILY = "1,2";
			};
			name = Release;
		};
		DAD70D762C4BDDF500E9B457 /* Debug */ = {
			isa = XCBuildConfiguration;
			buildSettings = {
				ALWAYS_EMBED_SWIFT_STANDARD_LIBRARIES = YES;
				BUNDLE_LOADER = "$(TEST_HOST)";
				CODE_SIGN_STYLE = Automatic;
				CURRENT_PROJECT_VERSION = 1;
				DEVELOPMENT_TEAM = 8AG5PV5JZM;
				GENERATE_INFOPLIST_FILE = YES;
				IPHONEOS_DEPLOYMENT_TARGET = 17.5;
				MARKETING_VERSION = 1.0;
				PRODUCT_BUNDLE_IDENTIFIER = com.github.droibit.UnitTestsOnCITests;
				PRODUCT_NAME = "$(TARGET_NAME)";
				SWIFT_EMIT_LOC_STRINGS = NO;
				SWIFT_VERSION = 5.0;
				TARGETED_DEVICE_FAMILY = "1,2";
				TEST_HOST = "$(BUILT_PRODUCTS_DIR)/UnitTestsOnCI.app/$(BUNDLE_EXECUTABLE_FOLDER_PATH)/UnitTestsOnCI";
			};
			name = Debug;
		};
		DAD70D772C4BDDF500E9B457 /* Release */ = {
			isa = XCBuildConfiguration;
			buildSettings = {
				ALWAYS_EMBED_SWIFT_STANDARD_LIBRARIES = YES;
				BUNDLE_LOADER = "$(TEST_HOST)";
				CODE_SIGN_STYLE = Automatic;
				CURRENT_PROJECT_VERSION = 1;
				DEVELOPMENT_TEAM = 8AG5PV5JZM;
				GENERATE_INFOPLIST_FILE = YES;
				IPHONEOS_DEPLOYMENT_TARGET = 17.5;
				MARKETING_VERSION = 1.0;
				PRODUCT_BUNDLE_IDENTIFIER = com.github.droibit.UnitTestsOnCITests;
				PRODUCT_NAME = "$(TARGET_NAME)";
				SWIFT_EMIT_LOC_STRINGS = NO;
				SWIFT_VERSION = 5.0;
				TARGETED_DEVICE_FAMILY = "1,2";
				TEST_HOST = "$(BUILT_PRODUCTS_DIR)/UnitTestsOnCI.app/$(BUNDLE_EXECUTABLE_FOLDER_PATH)/UnitTestsOnCI";
			};
			name = Release;
		};
/* End XCBuildConfiguration section */

/* Begin XCConfigurationList section */
		DAD70D492C4BDDF400E9B457 /* Build configuration list for PBXProject "UnitTestsOnCI" */ = {
			isa = XCConfigurationList;
			buildConfigurations = (
				DAD70D702C4BDDF500E9B457 /* Debug */,
				DAD70D712C4BDDF500E9B457 /* Release */,
			);
			defaultConfigurationIsVisible = 0;
			defaultConfigurationName = Release;
		};
		DAD70D722C4BDDF500E9B457 /* Build configuration list for PBXNativeTarget "UnitTestsOnCI" */ = {
			isa = XCConfigurationList;
			buildConfigurations = (
				DAD70D732C4BDDF500E9B457 /* Debug */,
				DAD70D742C4BDDF500E9B457 /* Release */,
			);
			defaultConfigurationIsVisible = 0;
			defaultConfigurationName = Release;
		};
		DAD70D752C4BDDF500E9B457 /* Build configuration list for PBXNativeTarget "UnitTestsOnCITests" */ = {
			isa = XCConfigurationList;
			buildConfigurations = (
				DAD70D762C4BDDF500E9B457 /* Debug */,
				DAD70D772C4BDDF500E9B457 /* Release */,
			);
			defaultConfigurationIsVisible = 0;
			defaultConfigurationName = Release;
		};
/* End XCConfigurationList section */
	};
	rootObject = DAD70D462C4BDDF400E9B457 /* Project object */;
}
